<?xml version="1.0" encoding="utf-8"?>
<Project ToolsVersion="4.0" xmlns="http://schemas.microsoft.com/developer/msbuild/2003">
  <ItemGroup>
    <Filter Include="server">
      <UniqueIdentifier>{a9abdd79-27d4-4615-9d38-164e59c8555b}</UniqueIdentifier>
    </Filter>
    <Filter Include="mains">
      <UniqueIdentifier>{25d406b4-a341-40fc-b4e2-31f95badfef2}</UniqueIdentifier>
    </Filter>
    <Filter Include="common">
      <UniqueIdentifier>{34d21e1c-bff4-4ea2-a613-c32ee76e832a}</UniqueIdentifier>
    </Filter>
    <Filter Include="common\network">
      <UniqueIdentifier>{c8fe4c31-3361-4fd3-8c71-be47c9a94076}</UniqueIdentifier>
    </Filter>
    <Filter Include="server\balancers">
      <UniqueIdentifier>{c63044fb-f6fb-4edd-9c9d-77ee422ba6ae}</UniqueIdentifier>
    </Filter>
    <Filter Include="server\services">
      <UniqueIdentifier>{8dd2bfb1-c19f-428d-82e3-6e97e64d8c2c}</UniqueIdentifier>
    </Filter>
    <Filter Include="server\peers">
      <UniqueIdentifier>{8a7be6be-a19c-4e32-b837-5d4cd24934fa}</UniqueIdentifier>
    </Filter>
  </ItemGroup>
  <ItemGroup>
    <ClCompile Include="..\..\source\mains\ServerApp.cpp">
      <Filter>mains</Filter>
    </ClCompile>
    <ClCompile Include="..\..\source\common\Exception.cpp">
      <Filter>common</Filter>
    </ClCompile>
    <ClCompile Include="..\..\source\server\Node.cpp">
      <Filter>server</Filter>
    </ClCompile>
    <ClCompile Include="..\..\source\server\Service.cpp">
      <Filter>server</Filter>
    </ClCompile>
    <ClCompile Include="..\..\source\common\Yaml.cpp">
      <Filter>common</Filter>
    </ClCompile>
    <ClCompile Include="..\..\source\common\Semaphore.cpp">
      <Filter>common</Filter>
    </ClCompile>
    <ClCompile Include="..\..\source\common\network\Socket.cpp">
      <Filter>common\network</Filter>
    </ClCompile>
    <ClCompile Include="..\..\source\common\network\TcpListener.cpp">
      <Filter>common\network</Filter>
    </ClCompile>
    <ClCompile Include="..\..\source\common\network\TcpSocket.cpp">
      <Filter>common\network</Filter>
    </ClCompile>
    <ClCompile Include="..\..\source\common\network\UdpSocket.cpp">
      <Filter>common\network</Filter>
    </ClCompile>
    <ClCompile Include="..\..\source\common\Network.cpp">
      <Filter>common</Filter>
    </ClCompile>
    <ClCompile Include="..\..\source\common\network\Address.cpp">
      <Filter>common\network</Filter>
    </ClCompile>
    <ClCompile Include="..\..\source\server\Server.cpp">
      <Filter>server</Filter>
    </ClCompile>
    <ClCompile Include="..\..\source\server\Balancer.cpp">
      <Filter>server</Filter>
    </ClCompile>
    <ClCompile Include="..\..\source\server\services\TcpService.cpp">
      <Filter>server\services</Filter>
    </ClCompile>
    <ClCompile Include="..\..\source\server\services\UdpService.cpp">
      <Filter>server\services</Filter>
    </ClCompile>
    <ClCompile Include="..\..\source\server\balancers\ConnectionCountBalancer.cpp">
      <Filter>server\balancers</Filter>
    </ClCompile>
    <ClCompile Include="..\..\source\server\balancers\RoundRobinBalancer.cpp">
      <Filter>server\balancers</Filter>
    </ClCompile>
    <ClCompile Include="..\..\source\server\Session.cpp">
      <Filter>server</Filter>
    </ClCompile>
    <ClCompile Include="..\..\source\server\Peer.cpp">
      <Filter>server</Filter>
    </ClCompile>
    <ClCompile Include="..\..\source\common\Time.cpp">
      <Filter>common</Filter>
    </ClCompile>
    <ClCompile Include="..\..\source\common\Timer.cpp">
      <Filter>common</Filter>
    </ClCompile>
    <ClCompile Include="..\..\source\server\peers\TcpPeer.cpp">
      <Filter>server\peers</Filter>
    </ClCompile>
    <ClCompile Include="..\..\source\server\peers\UdpPeer.cpp">
      <Filter>server\peers</Filter>
    </ClCompile>
    <ClCompile Include="..\..\source\common\network\Poller.cpp">
      <Filter>common\network</Filter>
    </ClCompile>
  </ItemGroup>
  <ItemGroup>
    <ClInclude Include="..\..\include\common\Exception.hpp">
      <Filter>common</Filter>
    </ClInclude>
    <ClInclude Include="..\..\include\server\Node.hpp">
      <Filter>server</Filter>
    </ClInclude>
    <ClInclude Include="..\..\include\server\Service.hpp">
      <Filter>server</Filter>
    </ClInclude>
    <ClInclude Include="..\..\include\common\Safe.hpp">
      <Filter>common</Filter>
    </ClInclude>
    <ClInclude Include="..\..\include\common\Yaml.hpp">
      <Filter>common</Filter>
    </ClInclude>
    <ClInclude Include="..\..\include\common\Network.hpp">
      <Filter>common</Filter>
    </ClInclude>
    <ClInclude Include="..\..\include\common\Semaphore.hpp">
      <Filter>common</Filter>
    </ClInclude>
    <ClInclude Include="..\..\include\common\network\Socket.hpp">
      <Filter>common\network</Filter>
    </ClInclude>
    <ClInclude Include="..\..\include\common\network\TcpListener.hpp">
      <Filter>common\network</Filter>
    </ClInclude>
    <ClInclude Include="..\..\include\common\network\TcpSocket.hpp">
      <Filter>common\network</Filter>
    </ClInclude>
    <ClInclude Include="..\..\include\common\network\UdpSocket.hpp">
      <Filter>common\network</Filter>
    </ClInclude>
    <ClInclude Include="..\..\include\common\network\Address.hpp">
      <Filter>common\network</Filter>
    </ClInclude>
    <ClInclude Include="..\..\include\server\Server.hpp">
      <Filter>server</Filter>
    </ClInclude>
    <ClInclude Include="..\..\include\server\Balancer.hpp">
      <Filter>server</Filter>
    </ClInclude>
    <ClInclude Include="..\..\include\server\services\TcpService.hpp">
      <Filter>server\services</Filter>
    </ClInclude>
    <ClInclude Include="..\..\include\server\services\UdpService.hpp">
      <Filter>server\services</Filter>
    </ClInclude>
    <ClInclude Include="..\..\include\server\balancers\ConnectionCountBalancer.hpp">
      <Filter>server\balancers</Filter>
    </ClInclude>
    <ClInclude Include="..\..\include\server\balancers\RoundRobinBalancer.hpp">
      <Filter>server\balancers</Filter>
    </ClInclude>
    <ClInclude Include="..\..\include\server\Session.hpp">
      <Filter>server</Filter>
    </ClInclude>
    <ClInclude Include="..\..\include\server\Peer.hpp">
      <Filter>server</Filter>
    </ClInclude>
    <ClInclude Include="..\..\include\common\Time.hpp">
      <Filter>common</Filter>
    </ClInclude>
    <ClInclude Include="..\..\include\common\Timer.hpp">
      <Filter>common</Filter>
    </ClInclude>
    <ClInclude Include="..\..\include\server\peers\TcpPeer.hpp">
      <Filter>server\peers</Filter>
    </ClInclude>
    <ClInclude Include="..\..\include\server\peers\UdpPeer.hpp">
      <Filter>server\peers</Filter>
    </ClInclude>
    <ClInclude Include="..\..\include\common\WindowsHeaders.hpp">
      <Filter>common</Filter>
    </ClInclude>
    <ClInclude Include="..\..\include\common\MemoryPool.hpp">
      <Filter>common</Filter>
    </ClInclude>
    <ClInclude Include="..\..\include\common\network\Poller.hpp">
      <Filter>common\network</Filter>
    </ClInclude>
    <ClInclude Include="..\..\include\common\System.hpp">
      <Filter>common</Filter>
    </ClInclude>
  </ItemGroup>
</Project>