<?xml version="1.0" encoding="utf-8"?>
<Project ToolsVersion="4.0" xmlns="http://schemas.microsoft.com/developer/msbuild/2003">
  <ItemGroup>
    <Filter Include="server">
      <UniqueIdentifier>{a9abdd79-27d4-4615-9d38-164e59c8555b}</UniqueIdentifier>
    </Filter>
    <Filter Include="mains">
      <UniqueIdentifier>{25d406b4-a341-40fc-b4e2-31f95badfef2}</UniqueIdentifier>
    </Filter>
    <Filter Include="common">
      <UniqueIdentifier>{34d21e1c-bff4-4ea2-a613-c32ee76e832a}</UniqueIdentifier>
    </Filter>
    <Filter Include="common\socket">
      <UniqueIdentifier>{10b3bb5f-3d2e-465b-bc37-f667744b3ebc}</UniqueIdentifier>
    </Filter>
  </ItemGroup>
  <ItemGroup>
    <ClCompile Include="..\..\source\server\Balancer.cpp">
      <Filter>server</Filter>
    </ClCompile>
    <ClCompile Include="..\..\source\mains\ServerApp.cpp">
      <Filter>mains</Filter>
    </ClCompile>
    <ClCompile Include="..\..\source\common\Exception.cpp">
      <Filter>common</Filter>
    </ClCompile>
    <ClCompile Include="..\..\source\server\Node.cpp">
      <Filter>server</Filter>
    </ClCompile>
    <ClCompile Include="..\..\source\server\Group.cpp">
      <Filter>server</Filter>
    </ClCompile>
    <ClCompile Include="..\..\source\server\Service.cpp">
      <Filter>server</Filter>
    </ClCompile>
    <ClCompile Include="..\..\source\common\Socket.cpp">
      <Filter>common</Filter>
    </ClCompile>
    <ClCompile Include="..\..\source\common\socket\TcpListener.cpp">
      <Filter>common\socket</Filter>
    </ClCompile>
    <ClCompile Include="..\..\source\common\socket\TcpSocket.cpp">
      <Filter>common\socket</Filter>
    </ClCompile>
    <ClCompile Include="..\..\source\common\Yaml.cpp">
      <Filter>common</Filter>
    </ClCompile>
  </ItemGroup>
  <ItemGroup>
    <ClInclude Include="..\..\include\server\Balancer.hpp">
      <Filter>server</Filter>
    </ClInclude>
    <ClInclude Include="..\..\include\common\Exception.hpp">
      <Filter>common</Filter>
    </ClInclude>
    <ClInclude Include="..\..\include\server\Node.hpp">
      <Filter>server</Filter>
    </ClInclude>
    <ClInclude Include="..\..\include\server\Group.hpp">
      <Filter>server</Filter>
    </ClInclude>
    <ClInclude Include="..\..\include\server\Service.hpp">
      <Filter>server</Filter>
    </ClInclude>
    <ClInclude Include="..\..\include\common\Safe.hpp">
      <Filter>common</Filter>
    </ClInclude>
    <ClInclude Include="..\..\include\common\socket\TcpListener.hpp">
      <Filter>common\socket</Filter>
    </ClInclude>
    <ClInclude Include="..\..\include\common\socket\TcpSocket.hpp">
      <Filter>common\socket</Filter>
    </ClInclude>
    <ClInclude Include="..\..\include\common\Socket.hpp">
      <Filter>common</Filter>
    </ClInclude>
    <ClInclude Include="..\..\include\common\Yaml.hpp">
      <Filter>common</Filter>
    </ClInclude>
  </ItemGroup>
</Project>