<?xml version="1.0" encoding="utf-8"?>
<Project ToolsVersion="4.0" xmlns="http://schemas.microsoft.com/developer/msbuild/2003">
  <ItemGroup>
    <Filter Include="server">
      <UniqueIdentifier>{b02514a3-38ce-4fc8-9c71-7d0fd143c800}</UniqueIdentifier>
    </Filter>
    <Filter Include="tests">
      <UniqueIdentifier>{0341202d-ccd0-418e-8b56-f8c4c4802bc1}</UniqueIdentifier>
    </Filter>
    <Filter Include="common">
      <UniqueIdentifier>{3c665a1d-3790-461d-b291-57987a52bef8}</UniqueIdentifier>
    </Filter>
    <Filter Include="common\network">
      <UniqueIdentifier>{981fdb00-c1be-48c0-970f-eba6cf05d31f}</UniqueIdentifier>
    </Filter>
  </ItemGroup>
  <ItemGroup>
    <ClInclude Include="..\..\include\common\Exception.hpp">
      <Filter>common</Filter>
    </ClInclude>
    <ClInclude Include="..\..\include\common\Safe.hpp">
      <Filter>common</Filter>
    </ClInclude>
    <ClInclude Include="..\..\include\common\Yaml.hpp">
      <Filter>common</Filter>
    </ClInclude>
    <ClInclude Include="..\..\include\common\Network.hpp">
      <Filter>common</Filter>
    </ClInclude>
    <ClInclude Include="..\..\include\server\Node.hpp">
      <Filter>server</Filter>
    </ClInclude>
    <ClInclude Include="..\..\include\server\Service.hpp">
      <Filter>server</Filter>
    </ClInclude>
    <ClInclude Include="..\..\include\common\Semaphore.hpp">
      <Filter>common</Filter>
    </ClInclude>
    <ClInclude Include="..\..\include\common\network\TcpListener.hpp">
      <Filter>common\network</Filter>
    </ClInclude>
    <ClInclude Include="..\..\include\common\network\TcpSocket.hpp">
      <Filter>common\network</Filter>
    </ClInclude>
    <ClInclude Include="..\..\include\common\network\UdpSocket.hpp">
      <Filter>common\network</Filter>
    </ClInclude>
    <ClInclude Include="..\..\include\common\network\Socket.hpp">
      <Filter>common\network</Filter>
    </ClInclude>
    <ClInclude Include="..\..\include\common\network\Address.hpp">
      <Filter>common\network</Filter>
    </ClInclude>
    <ClInclude Include="..\..\include\server\Server.hpp">
      <Filter>server</Filter>
    </ClInclude>
  </ItemGroup>
  <ItemGroup>
    <ClCompile Include="..\..\test\server\ServerTests.cpp">
      <Filter>tests</Filter>
    </ClCompile>
    <ClCompile Include="..\..\source\common\Exception.cpp">
      <Filter>common</Filter>
    </ClCompile>
    <ClCompile Include="..\..\source\common\Yaml.cpp">
      <Filter>common</Filter>
    </ClCompile>
    <ClCompile Include="..\..\source\server\Node.cpp">
      <Filter>server</Filter>
    </ClCompile>
    <ClCompile Include="..\..\source\server\Service.cpp">
      <Filter>server</Filter>
    </ClCompile>
    <ClCompile Include="..\..\source\common\Semaphore.cpp">
      <Filter>common</Filter>
    </ClCompile>
    <ClCompile Include="..\..\source\common\network\Socket.cpp">
      <Filter>common\network</Filter>
    </ClCompile>
    <ClCompile Include="..\..\source\common\network\TcpListener.cpp">
      <Filter>common\network</Filter>
    </ClCompile>
    <ClCompile Include="..\..\source\common\network\TcpSocket.cpp">
      <Filter>common\network</Filter>
    </ClCompile>
    <ClCompile Include="..\..\source\common\network\UdpSocket.cpp">
      <Filter>common\network</Filter>
    </ClCompile>
    <ClCompile Include="..\..\source\common\Network.cpp">
      <Filter>common</Filter>
    </ClCompile>
    <ClCompile Include="..\..\source\common\network\Address.cpp">
      <Filter>common\network</Filter>
    </ClCompile>
    <ClCompile Include="..\..\source\server\Server.cpp">
      <Filter>server</Filter>
    </ClCompile>
  </ItemGroup>
</Project>